
Microsoft Visual Studio Solution File, Format Version 12.00
Project("{2150E333-8FDC-42A3-9474-1A3956D46DE8}") = "Bootstrapper", "Bootstrapper", "{C341CCF6-0205-49CB-9337-EBA0D3964C84}"
EndProject
Project("{2150E333-8FDC-42A3-9474-1A3956D46DE8}") = "Modules", "Modules", "{FD281F9D-8ED8-4603-A404-8F67B36B7C61}"
EndProject
Project("{2150E333-8FDC-42A3-9474-1A3956D46DE8}") = "Shared", "Shared", "{3BD140ED-545E-4ADC-A7EE-6AD026C19186}"
EndProject
Project("{FAE04EC0-301F-11D3-BF4B-00C04F79EFBC}") = "Api", "Bootstrapper\Api\Api.csproj", "{63A8FCC9-645E-484B-BDA7-997F5751FDB6}"
EndProject
Project("{2150E333-8FDC-42A3-9474-1A3956D46DE8}") = "Basket", "Basket", "{C92F7890-BEB2-4DC4-B603-DD9E7897BABD}"
EndProject
Project("{2150E333-8FDC-42A3-9474-1A3956D46DE8}") = "Catalog", "Catalog", "{6D238AD7-7EF0-464B-BAB7-4CC7B9F154A4}"
EndProject
Project("{2150E333-8FDC-42A3-9474-1A3956D46DE8}") = "Ordering", "Ordering", "{5085C48E-65F6-42FE-884F-EF1C400A2785}"
EndProject
Project("{FAE04EC0-301F-11D3-BF4B-00C04F79EFBC}") = "Catalog", "Modules\Catalog\Catalog\Catalog.csproj", "{388CECA8-8682-457A-B6C3-C94FC948C9A1}"
EndProject
Project("{FAE04EC0-301F-11D3-BF4B-00C04F79EFBC}") = "Basket", "Modules\Basket\Basket\Basket.csproj", "{5C749963-3316-4223-B67D-065126182E2B}"
EndProject
Project("{FAE04EC0-301F-11D3-BF4B-00C04F79EFBC}") = "Ordering", "Modules\Ordering\Ordering\Ordering.csproj", "{F46E3CCA-ED82-465B-A5E0-58DC1F6339E7}"
EndProject
Project("{FAE04EC0-301F-11D3-BF4B-00C04F79EFBC}") = "Shared", "Shared\Shared\Shared.csproj", "{8116721A-758A-4078-9966-1BB4EE0D228C}"
EndProject
Project("{2150E333-8FDC-42A3-9474-1A3956D46DE8}") = "Solution Items", "Solution Items", "{8AB625A9-BBE4-46F3-806A-38E53F75E32F}"
	ProjectSection(SolutionItems) = preProject
		compose.yaml = compose.yaml
	EndProjectSection
EndProject
Global
	GlobalSection(SolutionConfigurationPlatforms) = preSolution
		Debug|Any CPU = Debug|Any CPU
		Release|Any CPU = Release|Any CPU
	EndGlobalSection
	GlobalSection(NestedProjects) = preSolution
		{63A8FCC9-645E-484B-BDA7-997F5751FDB6} = {C341CCF6-0205-49CB-9337-EBA0D3964C84}
		{C92F7890-BEB2-4DC4-B603-DD9E7897BABD} = {FD281F9D-8ED8-4603-A404-8F67B36B7C61}
		{6D238AD7-7EF0-464B-BAB7-4CC7B9F154A4} = {FD281F9D-8ED8-4603-A404-8F67B36B7C61}
		{5085C48E-65F6-42FE-884F-EF1C400A2785} = {FD281F9D-8ED8-4603-A404-8F67B36B7C61}
		{388CECA8-8682-457A-B6C3-C94FC948C9A1} = {6D238AD7-7EF0-464B-BAB7-4CC7B9F154A4}
		{5C749963-3316-4223-B67D-065126182E2B} = {C92F7890-BEB2-4DC4-B603-DD9E7897BABD}
		{F46E3CCA-ED82-465B-A5E0-58DC1F6339E7} = {5085C48E-65F6-42FE-884F-EF1C400A2785}
		{8116721A-758A-4078-9966-1BB4EE0D228C} = {3BD140ED-545E-4ADC-A7EE-6AD026C19186}
	EndGlobalSection
	GlobalSection(ProjectConfigurationPlatforms) = postSolution
		{63A8FCC9-645E-484B-BDA7-997F5751FDB6}.Debug|Any CPU.ActiveCfg = Debug|Any CPU
		{63A8FCC9-645E-484B-BDA7-997F5751FDB6}.Debug|Any CPU.Build.0 = Debug|Any CPU
		{63A8FCC9-645E-484B-BDA7-997F5751FDB6}.Release|Any CPU.ActiveCfg = Release|Any CPU
		{63A8FCC9-645E-484B-BDA7-997F5751FDB6}.Release|Any CPU.Build.0 = Release|Any CPU
		{388CECA8-8682-457A-B6C3-C94FC948C9A1}.Debug|Any CPU.ActiveCfg = Debug|Any CPU
		{388CECA8-8682-457A-B6C3-C94FC948C9A1}.Debug|Any CPU.Build.0 = Debug|Any CPU
		{388CECA8-8682-457A-B6C3-C94FC948C9A1}.Release|Any CPU.ActiveCfg = Release|Any CPU
		{388CECA8-8682-457A-B6C3-C94FC948C9A1}.Release|Any CPU.Build.0 = Release|Any CPU
		{5C749963-3316-4223-B67D-065126182E2B}.Debug|Any CPU.ActiveCfg = Debug|Any CPU
		{5C749963-3316-4223-B67D-065126182E2B}.Debug|Any CPU.Build.0 = Debug|Any CPU
		{5C749963-3316-4223-B67D-065126182E2B}.Release|Any CPU.ActiveCfg = Release|Any CPU
		{5C749963-3316-4223-B67D-065126182E2B}.Release|Any CPU.Build.0 = Release|Any CPU
		{F46E3CCA-ED82-465B-A5E0-58DC1F6339E7}.Debug|Any CPU.ActiveCfg = Debug|Any CPU
		{F46E3CCA-ED82-465B-A5E0-58DC1F6339E7}.Debug|Any CPU.Build.0 = Debug|Any CPU
		{F46E3CCA-ED82-465B-A5E0-58DC1F6339E7}.Release|Any CPU.ActiveCfg = Release|Any CPU
		{F46E3CCA-ED82-465B-A5E0-58DC1F6339E7}.Release|Any CPU.Build.0 = Release|Any CPU
		{8116721A-758A-4078-9966-1BB4EE0D228C}.Debug|Any CPU.ActiveCfg = Debug|Any CPU
		{8116721A-758A-4078-9966-1BB4EE0D228C}.Debug|Any CPU.Build.0 = Debug|Any CPU
		{8116721A-758A-4078-9966-1BB4EE0D228C}.Release|Any CPU.ActiveCfg = Release|Any CPU
		{8116721A-758A-4078-9966-1BB4EE0D228C}.Release|Any CPU.Build.0 = Release|Any CPU
	EndGlobalSection
EndGlobal
